
Microsoft Visual Studio Solution File, Format Version 12.00
# Visual Studio Version 17
VisualStudioVersion = 17.8.34525.116
MinimumVisualStudioVersion = 10.0.40219.1
Project("{FAE04EC0-301F-11D3-BF4B-00C04F79EFBC}") = "SkyrimRuLocaleFontFixer", "SkyrimRuLocaleFixer\SkyrimRuLocaleFontFixer.csproj", "{47887971-3854-4CD1-A230-B365A7043F58}"
EndProject
Global
	GlobalSection(SolutionConfigurationPlatforms) = preSolution
		Debug|Any CPU = Debug|Any CPU
		Release|Any CPU = Release|Any CPU
	EndGlobalSection
	GlobalSection(ProjectConfigurationPlatforms) = postSolution
		{47887971-3854-4CD1-A230-B365A7043F58}.Debug|Any CPU.ActiveCfg = Debug|Any CPU
		{47887971-3854-4CD1-A230-B365A7043F58}.Debug|Any CPU.Build.0 = Debug|Any CPU
		{47887971-3854-4CD1-A230-B365A7043F58}.Release|Any CPU.ActiveCfg = Release|Any CPU
		{47887971-3854-4CD1-A230-B365A7043F58}.Release|Any CPU.Build.0 = Release|Any CPU
	EndGlobalSection
	GlobalSection(SolutionProperties) = preSolution
		HideSolutionNode = FALSE
	EndGlobalSection
	GlobalSection(ExtensibilityGlobals) = postSolution
		SolutionGuid = {69F84AB8-A2D0-4A21-B3D2-252340E7C808}
	EndGlobalSection
EndGlobal
